// !$*UTF8*$!
{
	archiveVersion = 1;
	classes = {
	};
	objectVersion = 46;
	objects = {

/* Begin PBXBuildFile section */
		229A2BE11F0C8BA700EB1E47 /* SSRefreshFooter.swift in Sources */ = {isa = PBXBuildFile; fileRef = 229A2BDD1F0C897D00EB1E47 /* SSRefreshFooter.swift */; };
		229A2BE21F0C8BA900EB1E47 /* SSRefreshHeader.swift in Sources */ = {isa = PBXBuildFile; fileRef = 229A2BDE1F0C897D00EB1E47 /* SSRefreshHeader.swift */; };
		22A9AAE61F0B737B0070AE6D /* XXActionItem.swift in Sources */ = {isa = PBXBuildFile; fileRef = 22A9AAD61F0B737B0070AE6D /* XXActionItem.swift */; };
		22A9AAE71F0B737B0070AE6D /* XXAlertView.swift in Sources */ = {isa = PBXBuildFile; fileRef = 22A9AAD71F0B737B0070AE6D /* XXAlertView.swift */; };
		22A9AAE81F0B737B0070AE6D /* XXBubbleView.swift in Sources */ = {isa = PBXBuildFile; fileRef = 22A9AAD81F0B737B0070AE6D /* XXBubbleView.swift */; };
		22A9AAE91F0B737B0070AE6D /* XXDropTableView.swift in Sources */ = {isa = PBXBuildFile; fileRef = 22A9AAD91F0B737B0070AE6D /* XXDropTableView.swift */; };
		22A9AAEA1F0B737B0070AE6D /* XXPickerView.swift in Sources */ = {isa = PBXBuildFile; fileRef = 22A9AADA1F0B737B0070AE6D /* XXPickerView.swift */; };
		22A9AAEB1F0B737B0070AE6D /* XXPopupExtension.swift in Sources */ = {isa = PBXBuildFile; fileRef = 22A9AADB1F0B737B0070AE6D /* XXPopupExtension.swift */; };
		22A9AAEC1F0B737B0070AE6D /* XXPopupView.swift in Sources */ = {isa = PBXBuildFile; fileRef = 22A9AADC1F0B737B0070AE6D /* XXPopupView.swift */; };
		22A9AAEF1F0B737B0070AE6D /* XXSelectCurrencyView.swift in Sources */ = {isa = PBXBuildFile; fileRef = 22A9AADF1F0B737B0070AE6D /* XXSelectCurrencyView.swift */; };
		22A9AAF11F0B737B0070AE6D /* XXSheetAddAlertView.swift in Sources */ = {isa = PBXBuildFile; fileRef = 22A9AAE11F0B737B0070AE6D /* XXSheetAddAlertView.swift */; };
		22A9AAF21F0B737B0070AE6D /* XXSheetTableView.swift in Sources */ = {isa = PBXBuildFile; fileRef = 22A9AAE21F0B737B0070AE6D /* XXSheetTableView.swift */; };
		22A9AAF31F0B737B0070AE6D /* XXSheetView.swift in Sources */ = {isa = PBXBuildFile; fileRef = 22A9AAE31F0B737B0070AE6D /* XXSheetView.swift */; };
		22A9AAF41F0B737B0070AE6D /* XXTipsView.swift in Sources */ = {isa = PBXBuildFile; fileRef = 22A9AAE41F0B737B0070AE6D /* XXTipsView.swift */; };
		22A9AAF51F0B737B0070AE6D /* XXWindow.swift in Sources */ = {isa = PBXBuildFile; fileRef = 22A9AAE51F0B737B0070AE6D /* XXWindow.swift */; };
		22A9AAF71F0B751F0070AE6D /* CommonDispatcher.swift in Sources */ = {isa = PBXBuildFile; fileRef = 22A9AAF61F0B751F0070AE6D /* CommonDispatcher.swift */; };
		3CBEA0C9BCA542F5C4412C92 /* Pods_Common.framework in Frameworks */ = {isa = PBXBuildFile; fileRef = C70F20AE1714D9F6E18E21D1 /* Pods_Common.framework */; };
		3E37A21B1F3EB203002A88DB /* StocksConfig.swift in Sources */ = {isa = PBXBuildFile; fileRef = 3E37A21A1F3EB203002A88DB /* StocksConfig.swift */; };
		3E37A21E1F3EB24D002A88DB /* ConfigurationManager.swift in Sources */ = {isa = PBXBuildFile; fileRef = 3E37A21C1F3EB24D002A88DB /* ConfigurationManager.swift */; };
		3E37A21F1F3EB24D002A88DB /* SSAppearanceConfig.swift in Sources */ = {isa = PBXBuildFile; fileRef = 3E37A21D1F3EB24D002A88DB /* SSAppearanceConfig.swift */; };
		3E53E4521F13181300D15DF2 /* USBaseWebViewController.swift in Sources */ = {isa = PBXBuildFile; fileRef = 3E53E4511F13181300D15DF2 /* USBaseWebViewController.swift */; };
		3E53E4581F1397AA00D15DF2 /* Assets.xcassets in Resources */ = {isa = PBXBuildFile; fileRef = 3E53E4571F1397AA00D15DF2 /* Assets.xcassets */; };
		3E53E45A1F13992100D15DF2 /* UIImage+Common.swift in Sources */ = {isa = PBXBuildFile; fileRef = 3E53E4591F13992100D15DF2 /* UIImage+Common.swift */; };
		3E53E45C1F13994300D15DF2 /* StockCommon.swift in Sources */ = {isa = PBXBuildFile; fileRef = 3E53E45B1F13994300D15DF2 /* StockCommon.swift */; };
		3E65C00D1F1F2B7D0082AB67 /* SSUUIDUtils.swift in Sources */ = {isa = PBXBuildFile; fileRef = 3E65C00C1F1F2B7D0082AB67 /* SSUUIDUtils.swift */; };
		3E9C94831F1CDB2300D1D6DD /* USEmailUtils.swift in Sources */ = {isa = PBXBuildFile; fileRef = 3E9C94821F1CDB2300D1D6DD /* USEmailUtils.swift */; };
		3EF3D53D1F0CB6540089FCBA /* NSMutableAttributedString+Extension.swift in Sources */ = {isa = PBXBuildFile; fileRef = 3EF3D53C1F0CB6540089FCBA /* NSMutableAttributedString+Extension.swift */; };
		3EF82EA61F51CACB00C706B5 /* BaseObjectModel.swift in Sources */ = {isa = PBXBuildFile; fileRef = 3EF82EA51F51CACB00C706B5 /* BaseObjectModel.swift */; };
		622945961E481400001BDC48 /* NSData+MD5.h in Headers */ = {isa = PBXBuildFile; fileRef = 622945941E481400001BDC48 /* NSData+MD5.h */; settings = {ATTRIBUTES = (Public, ); }; };
		622945971E481400001BDC48 /* NSData+MD5.m in Sources */ = {isa = PBXBuildFile; fileRef = 622945951E481400001BDC48 /* NSData+MD5.m */; };
		624C62001E481FC80079A54A /* Utils.swift in Sources */ = {isa = PBXBuildFile; fileRef = 624C61FF1E481FC80079A54A /* Utils.swift */; };
		624E949A1E55566B00DA5A8F /* SSTickerType.swift in Sources */ = {isa = PBXBuildFile; fileRef = 624E94991E55566B00DA5A8F /* SSTickerType.swift */; };
		624E94B81E5F0EA200DA5A8F /* Alamofire.framework in Frameworks */ = {isa = PBXBuildFile; fileRef = 624E94B71E5F0EA200DA5A8F /* Alamofire.framework */; };
		62619D7E1E667D4B00078E50 /* StringUtils.swift in Sources */ = {isa = PBXBuildFile; fileRef = 62619D7D1E667D4B00078E50 /* StringUtils.swift */; };
		62619D961E6955C200078E50 /* SSBaseTableViewController.swift in Sources */ = {isa = PBXBuildFile; fileRef = 62619D951E6955C200078E50 /* SSBaseTableViewController.swift */; };
		62619DB21E6AD1A800078E50 /* SSResourceManager.swift in Sources */ = {isa = PBXBuildFile; fileRef = 62619DB11E6AD1A800078E50 /* SSResourceManager.swift */; };
		62619DB41E6AD2D500078E50 /* SSConstant.swift in Sources */ = {isa = PBXBuildFile; fileRef = 62619DB31E6AD2D500078E50 /* SSConstant.swift */; };
		62912EB01E48264A00AA989B /* JSON+Extensions.swift in Sources */ = {isa = PBXBuildFile; fileRef = 62912EAF1E48264A00AA989B /* JSON+Extensions.swift */; };
		62CA40511E601E3500A6507D /* SSRefreshHeartbeatManager.swift in Sources */ = {isa = PBXBuildFile; fileRef = 62CA40501E601E3500A6507D /* SSRefreshHeartbeatManager.swift */; };
		62D824841E34CD970041323B /* SSDevice.swift in Sources */ = {isa = PBXBuildFile; fileRef = 62D824831E34CD970041323B /* SSDevice.swift */; };
		62E224401E2DF81D00C00FA7 /* Double+Extensions.swift in Sources */ = {isa = PBXBuildFile; fileRef = 62E2243F1E2DF81D00C00FA7 /* Double+Extensions.swift */; };
		62E224431E2DF87A00C00FA7 /* SSTickerStatus.swift in Sources */ = {isa = PBXBuildFile; fileRef = 62E224421E2DF87A00C00FA7 /* SSTickerStatus.swift */; };
		943C81E31F05E55100703114 /* SwiftyUserDefaults.swift in Sources */ = {isa = PBXBuildFile; fileRef = 943C81E21F05E55100703114 /* SwiftyUserDefaults.swift */; };
		9453D54E1F09EC580082CF44 /* SSNotification.swift in Sources */ = {isa = PBXBuildFile; fileRef = 9453D54D1F09EC580082CF44 /* SSNotification.swift */; };
		947116201F063A7000B38A43 /* NSArray+Edit.swift in Sources */ = {isa = PBXBuildFile; fileRef = 9471161F1F063A7000B38A43 /* NSArray+Edit.swift */; };
		947AA6931EC1576400DE6D06 /* SSBaseTabBarViewController.swift in Sources */ = {isa = PBXBuildFile; fileRef = 947AA6921EC1576400DE6D06 /* SSBaseTabBarViewController.swift */; };
		947AA6951EC1932300DE6D06 /* RxMediaPicker.swift in Sources */ = {isa = PBXBuildFile; fileRef = 947AA6941EC1932300DE6D06 /* RxMediaPicker.swift */; };
		947AA69B1EC2051400DE6D06 /* UIImage+Extensions.swift in Sources */ = {isa = PBXBuildFile; fileRef = 947AA69A1EC2051400DE6D06 /* UIImage+Extensions.swift */; };
		947CE6571ED3CCD5003F6B3A /* SSLabel.swift in Sources */ = {isa = PBXBuildFile; fileRef = 947CE6561ED3CCD5003F6B3A /* SSLabel.swift */; };
		94866AC41EB8255B00FF1E29 /* FileManager.swift in Sources */ = {isa = PBXBuildFile; fileRef = 94866AC31EB8255B00FF1E29 /* FileManager.swift */; };
		94866AD51EB9645E00FF1E29 /* SSBaseCollectionViewCell.swift in Sources */ = {isa = PBXBuildFile; fileRef = 94866AD41EB9645E00FF1E29 /* SSBaseCollectionViewCell.swift */; };
		94A6EBCD1EBC1786006B2E3B /* Data+JSON.swift in Sources */ = {isa = PBXBuildFile; fileRef = 94A6EBCC1EBC1786006B2E3B /* Data+JSON.swift */; };
		94B1C8BD1EEE9481000B7BD5 /* SSInfinitePageView.swift in Sources */ = {isa = PBXBuildFile; fileRef = 94B1C8BC1EEE9481000B7BD5 /* SSInfinitePageView.swift */; };
		94B1C8BF1EEE961A000B7BD5 /* SSPageIndicatorController.swift in Sources */ = {isa = PBXBuildFile; fileRef = 94B1C8BE1EEE961A000B7BD5 /* SSPageIndicatorController.swift */; };
		94DD15061F0B990D00812E99 /* SSAlertOnceView.swift in Sources */ = {isa = PBXBuildFile; fileRef = 94DD15051F0B990D00812E99 /* SSAlertOnceView.swift */; };
		9B4C6EB61E4851E400C3D9D2 /* SSReorderTableView.swift in Sources */ = {isa = PBXBuildFile; fileRef = 9B4C6EB51E4851E400C3D9D2 /* SSReorderTableView.swift */; };
		9B4CF4501E5C3B9F00875D07 /* ConfigurationBase.swift in Sources */ = {isa = PBXBuildFile; fileRef = 9B4CF4451E5C3B9F00875D07 /* ConfigurationBase.swift */; };
		9B4CF4511E5C3B9F00875D07 /* SSAppearance.swift in Sources */ = {isa = PBXBuildFile; fileRef = 9B4CF4461E5C3B9F00875D07 /* SSAppearance.swift */; };
		9B4CF4531E5C3B9F00875D07 /* SSColor.swift in Sources */ = {isa = PBXBuildFile; fileRef = 9B4CF4481E5C3B9F00875D07 /* SSColor.swift */; };
		9B4CF4541E5C3B9F00875D07 /* SSFont.swift in Sources */ = {isa = PBXBuildFile; fileRef = 9B4CF4491E5C3B9F00875D07 /* SSFont.swift */; };
		9B4CF4551E5C3B9F00875D07 /* SSImage.swift in Sources */ = {isa = PBXBuildFile; fileRef = 9B4CF44A1E5C3B9F00875D07 /* SSImage.swift */; };
		9B4CF4561E5C3B9F00875D07 /* SSLanguage.swift in Sources */ = {isa = PBXBuildFile; fileRef = 9B4CF44B1E5C3B9F00875D07 /* SSLanguage.swift */; };
		9B4CF4571E5C3B9F00875D07 /* SSNotificationConfig.swift in Sources */ = {isa = PBXBuildFile; fileRef = 9B4CF44C1E5C3B9F00875D07 /* SSNotificationConfig.swift */; };
		9B4CF4581E5C3B9F00875D07 /* SSRefreshDuration.swift in Sources */ = {isa = PBXBuildFile; fileRef = 9B4CF44D1E5C3B9F00875D07 /* SSRefreshDuration.swift */; };
		9B4CF4591E5C3B9F00875D07 /* SSTheme.swift in Sources */ = {isa = PBXBuildFile; fileRef = 9B4CF44E1E5C3B9F00875D07 /* SSTheme.swift */; };
		9B57352C1F0A14ED00A52F98 /* SSPageController.swift in Sources */ = {isa = PBXBuildFile; fileRef = 94F173BA1EB2CF740061468C /* SSPageController.swift */; };
		9B57352E1F0A14F300A52F98 /* HMSegmentedControl.m in Sources */ = {isa = PBXBuildFile; fileRef = B7B6C9D61EEF842F0026FAFE /* HMSegmentedControl.m */; };
		9B57352F1F0A153100A52F98 /* HMSegmentedControl.h in Headers */ = {isa = PBXBuildFile; fileRef = B7B6C9D51EEF842F0026FAFE /* HMSegmentedControl.h */; settings = {ATTRIBUTES = (Public, ); }; };
		9B6E64A81E2E09AE00BFAD06 /* UIColor+Extensions.swift in Sources */ = {isa = PBXBuildFile; fileRef = 9B6E64A71E2E09AE00BFAD06 /* UIColor+Extensions.swift */; };
		9B6E64B31E309EBB00BFAD06 /* SSHUDManager.swift in Sources */ = {isa = PBXBuildFile; fileRef = 9B6E64B21E309EBB00BFAD06 /* SSHUDManager.swift */; };
		9B6E64CB1E35E3B000BFAD06 /* SSNavigationController.swift in Sources */ = {isa = PBXBuildFile; fileRef = 9B6E64CA1E35E3AF00BFAD06 /* SSNavigationController.swift */; };
		9B93B46E1E6CF65C00D3B7DC /* GCD+Extensions.swift in Sources */ = {isa = PBXBuildFile; fileRef = 9B93B46D1E6CF65C00D3B7DC /* GCD+Extensions.swift */; };
		9B95F0E21F135D6E00B381DE /* SSCircularProgress.swift in Sources */ = {isa = PBXBuildFile; fileRef = 9B95F0E11F135D6E00B381DE /* SSCircularProgress.swift */; };
		9BC275801E2CAF0F00A3183E /* Common.h in Headers */ = {isa = PBXBuildFile; fileRef = 9BC2757E1E2CAF0F00A3183E /* Common.h */; settings = {ATTRIBUTES = (Public, ); }; };
		9BC275A91E2CAF3200A3183E /* SSBaseHeaderFooterView.swift in Sources */ = {isa = PBXBuildFile; fileRef = 9BC2758C1E2CAF3200A3183E /* SSBaseHeaderFooterView.swift */; };
		9BC275AB1E2CAF3200A3183E /* SSBaseTableView.swift in Sources */ = {isa = PBXBuildFile; fileRef = 9BC2758E1E2CAF3200A3183E /* SSBaseTableView.swift */; };
		9BC275AC1E2CAF3200A3183E /* SSBaseTableViewCell.swift in Sources */ = {isa = PBXBuildFile; fileRef = 9BC2758F1E2CAF3200A3183E /* SSBaseTableViewCell.swift */; };
		9BC275AD1E2CAF3200A3183E /* SSBaseView.swift in Sources */ = {isa = PBXBuildFile; fileRef = 9BC275901E2CAF3200A3183E /* SSBaseView.swift */; };
		9BC275AE1E2CAF3200A3183E /* SSBaseViewController.swift in Sources */ = {isa = PBXBuildFile; fileRef = 9BC275911E2CAF3200A3183E /* SSBaseViewController.swift */; };
		9BC275B01E2CAF3200A3183E /* SSImageButton.swift in Sources */ = {isa = PBXBuildFile; fileRef = 9BC275941E2CAF3200A3183E /* SSImageButton.swift */; };
		9BC275B11E2CAF3200A3183E /* SSPageViewController.swift in Sources */ = {isa = PBXBuildFile; fileRef = 9BC275951E2CAF3200A3183E /* SSPageViewController.swift */; };
		9BC275B21E2CAF3200A3183E /* Array+Extensions.swift in Sources */ = {isa = PBXBuildFile; fileRef = 9BC275971E2CAF3200A3183E /* Array+Extensions.swift */; };
		9BC275B31E2CAF3200A3183E /* Date+Extensions.swift in Sources */ = {isa = PBXBuildFile; fileRef = 9BC275981E2CAF3200A3183E /* Date+Extensions.swift */; };
		9BC275B41E2CAF3200A3183E /* String+Extensions.swift in Sources */ = {isa = PBXBuildFile; fileRef = 9BC275991E2CAF3200A3183E /* String+Extensions.swift */; };
		9BC275B61E2CAF3200A3183E /* LocaleName.swift in Sources */ = {isa = PBXBuildFile; fileRef = 9BC2759C1E2CAF3200A3183E /* LocaleName.swift */; };
		9BC275B71E2CAF3200A3183E /* ViewModel.swift in Sources */ = {isa = PBXBuildFile; fileRef = 9BC2759E1E2CAF3200A3183E /* ViewModel.swift */; };
		9BC275B81E2CAF3200A3183E /* GCD.swift in Sources */ = {isa = PBXBuildFile; fileRef = 9BC275A01E2CAF3200A3183E /* GCD.swift */; };
		9BC275B91E2CAF3200A3183E /* Maybe.swift in Sources */ = {isa = PBXBuildFile; fileRef = 9BC275A11E2CAF3200A3183E /* Maybe.swift */; };
		9BC275BA1E2CAF3200A3183E /* SSError.swift in Sources */ = {isa = PBXBuildFile; fileRef = 9BC275A21E2CAF3200A3183E /* SSError.swift */; };
		9BC275BB1E2CAF3200A3183E /* SSI18n.swift in Sources */ = {isa = PBXBuildFile; fileRef = 9BC275A31E2CAF3200A3183E /* SSI18n.swift */; };
		9BC275BC1E2CAF3200A3183E /* TickTock.swift in Sources */ = {isa = PBXBuildFile; fileRef = 9BC275A41E2CAF3200A3183E /* TickTock.swift */; };
		B71126941EFBBB0100C4A02B /* UIView+Extensions.swift in Sources */ = {isa = PBXBuildFile; fileRef = B71126931EFBBB0100C4A02B /* UIView+Extensions.swift */; };
		B723B2051EF271B80001B397 /* SSRefreshAnimationView.swift in Sources */ = {isa = PBXBuildFile; fileRef = B723B2041EF271B80001B397 /* SSRefreshAnimationView.swift */; };
		B79827381EC0235000131911 /* NSString+Extensions.swift in Sources */ = {isa = PBXBuildFile; fileRef = B79827371EC0235000131911 /* NSString+Extensions.swift */; };
		ED0C6F671EC195C900615D22 /* UIView+Swifty.swift in Sources */ = {isa = PBXBuildFile; fileRef = ED0C6F661EC195C800615D22 /* UIView+Swifty.swift */; };
		ED0D6D451F3B0E8F00F8358C /* Dictionary+Extensions.swift in Sources */ = {isa = PBXBuildFile; fileRef = ED0D6D441F3B0E8F00F8358C /* Dictionary+Extensions.swift */; };
		ED3709971EAEDE25008744B7 /* UITableView+Swifty.swift in Sources */ = {isa = PBXBuildFile; fileRef = ED37098F1EAEDE25008744B7 /* UITableView+Swifty.swift */; };
		ED3709981EAEDE25008744B7 /* UICollectionView+Swifty.swift in Sources */ = {isa = PBXBuildFile; fileRef = ED3709901EAEDE25008744B7 /* UICollectionView+Swifty.swift */; };
		ED3709991EAEDE25008744B7 /* SSSwifty.swift in Sources */ = {isa = PBXBuildFile; fileRef = ED3709911EAEDE25008744B7 /* SSSwifty.swift */; };
		ED37099B1EAEDE25008744B7 /* UIImage+Swifty.swift in Sources */ = {isa = PBXBuildFile; fileRef = ED3709931EAEDE25008744B7 /* UIImage+Swifty.swift */; };
		ED37099C1EAEDE25008744B7 /* UIViewController+Swifty.swift in Sources */ = {isa = PBXBuildFile; fileRef = ED3709941EAEDE25008744B7 /* UIViewController+Swifty.swift */; };
		ED37099D1EAEDE25008744B7 /* NSObject+Swifty.swift in Sources */ = {isa = PBXBuildFile; fileRef = ED3709951EAEDE25008744B7 /* NSObject+Swifty.swift */; };
		ED3CC05B1F174C3100D65452 /* SSTextView.swift in Sources */ = {isa = PBXBuildFile; fileRef = ED3CC0591F174C3000D65452 /* SSTextView.swift */; };
		ED3CC05C1F174C3100D65452 /* SSTextField.swift in Sources */ = {isa = PBXBuildFile; fileRef = ED3CC05A1F174C3000D65452 /* SSTextField.swift */; };
		EDB9F8351F1DA3FF009C5C91 /* SSLogger.swift in Sources */ = {isa = PBXBuildFile; fileRef = EDB9F8341F1DA3FF009C5C91 /* SSLogger.swift */; };
		EDDD09A31EC2E9A3008FF29D /* UIUtils.swift in Sources */ = {isa = PBXBuildFile; fileRef = EDDD09A21EC2E9A3008FF29D /* UIUtils.swift */; };
		EDDDDBA11EF7B39A00E84F8B /* SSTracker.swift in Sources */ = {isa = PBXBuildFile; fileRef = EDDDDBA01EF7B39A00E84F8B /* SSTracker.swift */; };
		EDE783791EDC29B3000D23DD /* SSNavigationBar.swift in Sources */ = {isa = PBXBuildFile; fileRef = EDE783781EDC29B3000D23DD /* SSNavigationBar.swift */; };
/* End PBXBuildFile section */

/* Begin PBXFileReference section */
		229A2BDD1F0C897D00EB1E47 /* SSRefreshFooter.swift */ = {isa = PBXFileReference; fileEncoding = 4; lastKnownFileType = sourcecode.swift; path = SSRefreshFooter.swift; sourceTree = "<group>"; };
		229A2BDE1F0C897D00EB1E47 /* SSRefreshHeader.swift */ = {isa = PBXFileReference; fileEncoding = 4; lastKnownFileType = sourcecode.swift; path = SSRefreshHeader.swift; sourceTree = "<group>"; };
		22A9AAD61F0B737B0070AE6D /* XXActionItem.swift */ = {isa = PBXFileReference; fileEncoding = 4; lastKnownFileType = sourcecode.swift; path = XXActionItem.swift; sourceTree = "<group>"; };
		22A9AAD71F0B737B0070AE6D /* XXAlertView.swift */ = {isa = PBXFileReference; fileEncoding = 4; lastKnownFileType = sourcecode.swift; path = XXAlertView.swift; sourceTree = "<group>"; };
		22A9AAD81F0B737B0070AE6D /* XXBubbleView.swift */ = {isa = PBXFileReference; fileEncoding = 4; lastKnownFileType = sourcecode.swift; path = XXBubbleView.swift; sourceTree = "<group>"; };
		22A9AAD91F0B737B0070AE6D /* XXDropTableView.swift */ = {isa = PBXFileReference; fileEncoding = 4; lastKnownFileType = sourcecode.swift; path = XXDropTableView.swift; sourceTree = "<group>"; };
		22A9AADA1F0B737B0070AE6D /* XXPickerView.swift */ = {isa = PBXFileReference; fileEncoding = 4; lastKnownFileType = sourcecode.swift; path = XXPickerView.swift; sourceTree = "<group>"; };
		22A9AADB1F0B737B0070AE6D /* XXPopupExtension.swift */ = {isa = PBXFileReference; fileEncoding = 4; lastKnownFileType = sourcecode.swift; path = XXPopupExtension.swift; sourceTree = "<group>"; };
		22A9AADC1F0B737B0070AE6D /* XXPopupView.swift */ = {isa = PBXFileReference; fileEncoding = 4; lastKnownFileType = sourcecode.swift; path = XXPopupView.swift; sourceTree = "<group>"; };
		22A9AADF1F0B737B0070AE6D /* XXSelectCurrencyView.swift */ = {isa = PBXFileReference; fileEncoding = 4; lastKnownFileType = sourcecode.swift; path = XXSelectCurrencyView.swift; sourceTree = "<group>"; };
		22A9AAE11F0B737B0070AE6D /* XXSheetAddAlertView.swift */ = {isa = PBXFileReference; fileEncoding = 4; lastKnownFileType = sourcecode.swift; path = XXSheetAddAlertView.swift; sourceTree = "<group>"; };
		22A9AAE21F0B737B0070AE6D /* XXSheetTableView.swift */ = {isa = PBXFileReference; fileEncoding = 4; lastKnownFileType = sourcecode.swift; path = XXSheetTableView.swift; sourceTree = "<group>"; };
		22A9AAE31F0B737B0070AE6D /* XXSheetView.swift */ = {isa = PBXFileReference; fileEncoding = 4; lastKnownFileType = sourcecode.swift; path = XXSheetView.swift; sourceTree = "<group>"; };
		22A9AAE41F0B737B0070AE6D /* XXTipsView.swift */ = {isa = PBXFileReference; fileEncoding = 4; lastKnownFileType = sourcecode.swift; path = XXTipsView.swift; sourceTree = "<group>"; };
		22A9AAE51F0B737B0070AE6D /* XXWindow.swift */ = {isa = PBXFileReference; fileEncoding = 4; lastKnownFileType = sourcecode.swift; path = XXWindow.swift; sourceTree = "<group>"; };
		22A9AAF61F0B751F0070AE6D /* CommonDispatcher.swift */ = {isa = PBXFileReference; fileEncoding = 4; lastKnownFileType = sourcecode.swift; path = CommonDispatcher.swift; sourceTree = "<group>"; };
		3E37A21A1F3EB203002A88DB /* StocksConfig.swift */ = {isa = PBXFileReference; fileEncoding = 4; lastKnownFileType = sourcecode.swift; path = StocksConfig.swift; sourceTree = "<group>"; };
		3E37A21C1F3EB24D002A88DB /* ConfigurationManager.swift */ = {isa = PBXFileReference; fileEncoding = 4; lastKnownFileType = sourcecode.swift; path = ConfigurationManager.swift; sourceTree = "<group>"; };
		3E37A21D1F3EB24D002A88DB /* SSAppearanceConfig.swift */ = {isa = PBXFileReference; fileEncoding = 4; lastKnownFileType = sourcecode.swift; path = SSAppearanceConfig.swift; sourceTree = "<group>"; };
		3E53E4511F13181300D15DF2 /* USBaseWebViewController.swift */ = {isa = PBXFileReference; fileEncoding = 4; lastKnownFileType = sourcecode.swift; path = USBaseWebViewController.swift; sourceTree = "<group>"; };
		3E53E4571F1397AA00D15DF2 /* Assets.xcassets */ = {isa = PBXFileReference; lastKnownFileType = folder.assetcatalog; path = Assets.xcassets; sourceTree = "<group>"; };
		3E53E4591F13992100D15DF2 /* UIImage+Common.swift */ = {isa = PBXFileReference; fileEncoding = 4; lastKnownFileType = sourcecode.swift; path = "UIImage+Common.swift"; sourceTree = "<group>"; };
		3E53E45B1F13994300D15DF2 /* StockCommon.swift */ = {isa = PBXFileReference; fileEncoding = 4; lastKnownFileType = sourcecode.swift; path = StockCommon.swift; sourceTree = "<group>"; };
		3E65C00C1F1F2B7D0082AB67 /* SSUUIDUtils.swift */ = {isa = PBXFileReference; fileEncoding = 4; lastKnownFileType = sourcecode.swift; path = SSUUIDUtils.swift; sourceTree = "<group>"; };
		3E9C94821F1CDB2300D1D6DD /* USEmailUtils.swift */ = {isa = PBXFileReference; fileEncoding = 4; lastKnownFileType = sourcecode.swift; path = USEmailUtils.swift; sourceTree = "<group>"; };
		3EF3D53C1F0CB6540089FCBA /* NSMutableAttributedString+Extension.swift */ = {isa = PBXFileReference; fileEncoding = 4; lastKnownFileType = sourcecode.swift; path = "NSMutableAttributedString+Extension.swift"; sourceTree = "<group>"; };
		3EF82EA51F51CACB00C706B5 /* BaseObjectModel.swift */ = {isa = PBXFileReference; fileEncoding = 4; lastKnownFileType = sourcecode.swift; path = BaseObjectModel.swift; sourceTree = "<group>"; };
		622945941E481400001BDC48 /* NSData+MD5.h */ = {isa = PBXFileReference; fileEncoding = 4; lastKnownFileType = sourcecode.c.h; path = "NSData+MD5.h"; sourceTree = "<group>"; };
		622945951E481400001BDC48 /* NSData+MD5.m */ = {isa = PBXFileReference; fileEncoding = 4; lastKnownFileType = sourcecode.c.objc; path = "NSData+MD5.m"; sourceTree = "<group>"; };
		624C61FF1E481FC80079A54A /* Utils.swift */ = {isa = PBXFileReference; fileEncoding = 4; lastKnownFileType = sourcecode.swift; path = Utils.swift; sourceTree = "<group>"; };
		624E94991E55566B00DA5A8F /* SSTickerType.swift */ = {isa = PBXFileReference; fileEncoding = 4; lastKnownFileType = sourcecode.swift; path = SSTickerType.swift; sourceTree = "<group>"; };
		624E94B71E5F0EA200DA5A8F /* Alamofire.framework */ = {isa = PBXFileReference; lastKnownFileType = wrapper.framework; name = Alamofire.framework; path = "../../../Library/Developer/Xcode/DerivedData/Stocks-foudclnzncmfxdbracupfqkqnepr/Build/Products/Debug-iphoneos/Alamofire/Alamofire.framework"; sourceTree = "<group>"; };
		62619D7D1E667D4B00078E50 /* StringUtils.swift */ = {isa = PBXFileReference; fileEncoding = 4; lastKnownFileType = sourcecode.swift; path = StringUtils.swift; sourceTree = "<group>"; };
		62619D951E6955C200078E50 /* SSBaseTableViewController.swift */ = {isa = PBXFileReference; fileEncoding = 4; lastKnownFileType = sourcecode.swift; path = SSBaseTableViewController.swift; sourceTree = "<group>"; };
		62619DB11E6AD1A800078E50 /* SSResourceManager.swift */ = {isa = PBXFileReference; fileEncoding = 4; lastKnownFileType = sourcecode.swift; path = SSResourceManager.swift; sourceTree = "<group>"; };
		62619DB31E6AD2D500078E50 /* SSConstant.swift */ = {isa = PBXFileReference; fileEncoding = 4; lastKnownFileType = sourcecode.swift; path = SSConstant.swift; sourceTree = "<group>"; };
		62912EAF1E48264A00AA989B /* JSON+Extensions.swift */ = {isa = PBXFileReference; fileEncoding = 4; lastKnownFileType = sourcecode.swift; path = "JSON+Extensions.swift"; sourceTree = "<group>"; };
		62CA40501E601E3500A6507D /* SSRefreshHeartbeatManager.swift */ = {isa = PBXFileReference; fileEncoding = 4; lastKnownFileType = sourcecode.swift; path = SSRefreshHeartbeatManager.swift; sourceTree = "<group>"; };
		62D824831E34CD970041323B /* SSDevice.swift */ = {isa = PBXFileReference; fileEncoding = 4; lastKnownFileType = sourcecode.swift; path = SSDevice.swift; sourceTree = "<group>"; };
		62E2243F1E2DF81D00C00FA7 /* Double+Extensions.swift */ = {isa = PBXFileReference; fileEncoding = 4; lastKnownFileType = sourcecode.swift; path = "Double+Extensions.swift"; sourceTree = "<group>"; };
		62E224421E2DF87A00C00FA7 /* SSTickerStatus.swift */ = {isa = PBXFileReference; fileEncoding = 4; lastKnownFileType = sourcecode.swift; path = SSTickerStatus.swift; sourceTree = "<group>"; };
		943C81E21F05E55100703114 /* SwiftyUserDefaults.swift */ = {isa = PBXFileReference; fileEncoding = 4; lastKnownFileType = sourcecode.swift; path = SwiftyUserDefaults.swift; sourceTree = "<group>"; };
		9453D5431F0761590082CF44 /* CryptoSwift.framework */ = {isa = PBXFileReference; lastKnownFileType = wrapper.framework; name = CryptoSwift.framework; path = "/Users/hugowong/Stocks-iOS/Pods/../build/Debug-iphoneos/CryptoSwift/CryptoSwift.framework"; sourceTree = "<absolute>"; };
		9453D54D1F09EC580082CF44 /* SSNotification.swift */ = {isa = PBXFileReference; fileEncoding = 4; lastKnownFileType = sourcecode.swift; path = SSNotification.swift; sourceTree = "<group>"; };
		9453D54F1F0A14210082CF44 /* libPhoneNumber_iOS.framework */ = {isa = PBXFileReference; lastKnownFileType = wrapper.framework; name = libPhoneNumber_iOS.framework; path = "../../Library/Developer/Xcode/DerivedData/Stocks-flvgmewwkyvzktguyetehmtbbwin/Build/Products/Debug-iphonesimulator/libPhoneNumber-iOS/libPhoneNumber_iOS.framework"; sourceTree = "<group>"; };
		9471161F1F063A7000B38A43 /* NSArray+Edit.swift */ = {isa = PBXFileReference; fileEncoding = 4; lastKnownFileType = sourcecode.swift; path = "NSArray+Edit.swift"; sourceTree = "<group>"; };
		947AA6921EC1576400DE6D06 /* SSBaseTabBarViewController.swift */ = {isa = PBXFileReference; fileEncoding = 4; lastKnownFileType = sourcecode.swift; path = SSBaseTabBarViewController.swift; sourceTree = "<group>"; };
		947AA6941EC1932300DE6D06 /* RxMediaPicker.swift */ = {isa = PBXFileReference; fileEncoding = 4; lastKnownFileType = sourcecode.swift; path = RxMediaPicker.swift; sourceTree = "<group>"; };
		947AA69A1EC2051400DE6D06 /* UIImage+Extensions.swift */ = {isa = PBXFileReference; fileEncoding = 4; lastKnownFileType = sourcecode.swift; path = "UIImage+Extensions.swift"; sourceTree = "<group>"; };
		947CE6561ED3CCD5003F6B3A /* SSLabel.swift */ = {isa = PBXFileReference; fileEncoding = 4; lastKnownFileType = sourcecode.swift; path = SSLabel.swift; sourceTree = "<group>"; };
		94866AC31EB8255B00FF1E29 /* FileManager.swift */ = {isa = PBXFileReference; fileEncoding = 4; lastKnownFileType = sourcecode.swift; path = FileManager.swift; sourceTree = "<group>"; };
		94866AD21EB963B500FF1E29 /* SSTabButtonView.swift */ = {isa = PBXFileReference; fileEncoding = 4; lastKnownFileType = sourcecode.swift; name = SSTabButtonView.swift; path = Component/SSTabButtonView.swift; sourceTree = "<group>"; };
		94866AD41EB9645E00FF1E29 /* SSBaseCollectionViewCell.swift */ = {isa = PBXFileReference; fileEncoding = 4; lastKnownFileType = sourcecode.swift; path = SSBaseCollectionViewCell.swift; sourceTree = "<group>"; };
		94A6EBCC1EBC1786006B2E3B /* Data+JSON.swift */ = {isa = PBXFileReference; fileEncoding = 4; lastKnownFileType = sourcecode.swift; path = "Data+JSON.swift"; sourceTree = "<group>"; };
		94B1C8BC1EEE9481000B7BD5 /* SSInfinitePageView.swift */ = {isa = PBXFileReference; fileEncoding = 4; lastKnownFileType = sourcecode.swift; path = SSInfinitePageView.swift; sourceTree = "<group>"; };
		94B1C8BE1EEE961A000B7BD5 /* SSPageIndicatorController.swift */ = {isa = PBXFileReference; fileEncoding = 4; lastKnownFileType = sourcecode.swift; path = SSPageIndicatorController.swift; sourceTree = "<group>"; };
		94DD15051F0B990D00812E99 /* SSAlertOnceView.swift */ = {isa = PBXFileReference; fileEncoding = 4; lastKnownFileType = sourcecode.swift; path = SSAlertOnceView.swift; sourceTree = "<group>"; };
		94F173BA1EB2CF740061468C /* SSPageController.swift */ = {isa = PBXFileReference; fileEncoding = 4; lastKnownFileType = sourcecode.swift; path = SSPageController.swift; sourceTree = "<group>"; };
		9B1981E91E7A98CE00994F23 /* RecommendListTicker.swift */ = {isa = PBXFileReference; fileEncoding = 4; lastKnownFileType = sourcecode.swift; name = RecommendListTicker.swift; path = Model/Search/RecommendListTicker.swift; sourceTree = "<group>"; };
		9B299E1E1E52EFFB00D48D17 /* Networking.framework */ = {isa = PBXFileReference; lastKnownFileType = wrapper.framework; name = Networking.framework; path = "../Networking/build/Debug-iphoneos/Networking.framework"; sourceTree = "<group>"; };
		9B4C6EB51E4851E400C3D9D2 /* SSReorderTableView.swift */ = {isa = PBXFileReference; fileEncoding = 4; lastKnownFileType = sourcecode.swift; path = SSReorderTableView.swift; sourceTree = "<group>"; };
		9B4CF43C1E5C1EBE00875D07 /* SSButton.swift */ = {isa = PBXFileReference; fileEncoding = 4; lastKnownFileType = sourcecode.swift; name = SSButton.swift; path = Component/SSButton.swift; sourceTree = "<group>"; };
		9B4CF4451E5C3B9F00875D07 /* ConfigurationBase.swift */ = {isa = PBXFileReference; fileEncoding = 4; lastKnownFileType = sourcecode.swift; path = ConfigurationBase.swift; sourceTree = "<group>"; };
		9B4CF4461E5C3B9F00875D07 /* SSAppearance.swift */ = {isa = PBXFileReference; fileEncoding = 4; lastKnownFileType = sourcecode.swift; path = SSAppearance.swift; sourceTree = "<group>"; };
		9B4CF4481E5C3B9F00875D07 /* SSColor.swift */ = {isa = PBXFileReference; fileEncoding = 4; lastKnownFileType = sourcecode.swift; path = SSColor.swift; sourceTree = "<group>"; };
		9B4CF4491E5C3B9F00875D07 /* SSFont.swift */ = {isa = PBXFileReference; fileEncoding = 4; lastKnownFileType = sourcecode.swift; path = SSFont.swift; sourceTree = "<group>"; };
		9B4CF44A1E5C3B9F00875D07 /* SSImage.swift */ = {isa = PBXFileReference; fileEncoding = 4; lastKnownFileType = sourcecode.swift; path = SSImage.swift; sourceTree = "<group>"; };
		9B4CF44B1E5C3B9F00875D07 /* SSLanguage.swift */ = {isa = PBXFileReference; fileEncoding = 4; lastKnownFileType = sourcecode.swift; path = SSLanguage.swift; sourceTree = "<group>"; };
		9B4CF44C1E5C3B9F00875D07 /* SSNotificationConfig.swift */ = {isa = PBXFileReference; fileEncoding = 4; lastKnownFileType = sourcecode.swift; path = SSNotificationConfig.swift; sourceTree = "<group>"; };
		9B4CF44D1E5C3B9F00875D07 /* SSRefreshDuration.swift */ = {isa = PBXFileReference; fileEncoding = 4; lastKnownFileType = sourcecode.swift; path = SSRefreshDuration.swift; sourceTree = "<group>"; };
		9B4CF44E1E5C3B9F00875D07 /* SSTheme.swift */ = {isa = PBXFileReference; fileEncoding = 4; lastKnownFileType = sourcecode.swift; path = SSTheme.swift; sourceTree = "<group>"; };
		9B6E64A71E2E09AE00BFAD06 /* UIColor+Extensions.swift */ = {isa = PBXFileReference; fileEncoding = 4; lastKnownFileType = sourcecode.swift; path = "UIColor+Extensions.swift"; sourceTree = "<group>"; };
		9B6E64B21E309EBB00BFAD06 /* SSHUDManager.swift */ = {isa = PBXFileReference; fileEncoding = 4; lastKnownFileType = sourcecode.swift; path = SSHUDManager.swift; sourceTree = "<group>"; };
		9B6E64B81E30A08900BFAD06 /* Networking.framework */ = {isa = PBXFileReference; lastKnownFileType = wrapper.framework; name = Networking.framework; path = "../../../../Library/Developer/Xcode/DerivedData/Stocks-hjppevedoiysafcqjopscbtehryv/Build/Products/Debug-iphoneos/Networking.framework"; sourceTree = "<group>"; };
		9B6E64CA1E35E3AF00BFAD06 /* SSNavigationController.swift */ = {isa = PBXFileReference; fileEncoding = 4; lastKnownFileType = sourcecode.swift; path = SSNavigationController.swift; sourceTree = "<group>"; };
		9B7753DD1EA75C4600B3BD97 /* Deferred.framework */ = {isa = PBXFileReference; lastKnownFileType = wrapper.framework; name = Deferred.framework; path = "../Deferred/build/Debug-iphoneos/Deferred.framework"; sourceTree = "<group>"; };
		9B93B46D1E6CF65C00D3B7DC /* GCD+Extensions.swift */ = {isa = PBXFileReference; fileEncoding = 4; lastKnownFileType = sourcecode.swift; path = "GCD+Extensions.swift"; sourceTree = "<group>"; };
		9B95F0E11F135D6E00B381DE /* SSCircularProgress.swift */ = {isa = PBXFileReference; fileEncoding = 4; lastKnownFileType = sourcecode.swift; path = SSCircularProgress.swift; sourceTree = "<group>"; };
		9BC2757B1E2CAF0F00A3183E /* Common.framework */ = {isa = PBXFileReference; explicitFileType = wrapper.framework; includeInIndex = 0; path = Common.framework; sourceTree = BUILT_PRODUCTS_DIR; };
		9BC2757E1E2CAF0F00A3183E /* Common.h */ = {isa = PBXFileReference; lastKnownFileType = sourcecode.c.h; path = Common.h; sourceTree = "<group>"; };
		9BC2757F1E2CAF0F00A3183E /* Info.plist */ = {isa = PBXFileReference; lastKnownFileType = text.plist.xml; path = Info.plist; sourceTree = "<group>"; };
		9BC2758C1E2CAF3200A3183E /* SSBaseHeaderFooterView.swift */ = {isa = PBXFileReference; fileEncoding = 4; lastKnownFileType = sourcecode.swift; path = SSBaseHeaderFooterView.swift; sourceTree = "<group>"; };
		9BC2758E1E2CAF3200A3183E /* SSBaseTableView.swift */ = {isa = PBXFileReference; fileEncoding = 4; lastKnownFileType = sourcecode.swift; path = SSBaseTableView.swift; sourceTree = "<group>"; };
		9BC2758F1E2CAF3200A3183E /* SSBaseTableViewCell.swift */ = {isa = PBXFileReference; fileEncoding = 4; lastKnownFileType = sourcecode.swift; path = SSBaseTableViewCell.swift; sourceTree = "<group>"; };
		9BC275901E2CAF3200A3183E /* SSBaseView.swift */ = {isa = PBXFileReference; fileEncoding = 4; lastKnownFileType = sourcecode.swift; path = SSBaseView.swift; sourceTree = "<group>"; };
		9BC275911E2CAF3200A3183E /* SSBaseViewController.swift */ = {isa = PBXFileReference; fileEncoding = 4; lastKnownFileType = sourcecode.swift; path = SSBaseViewController.swift; sourceTree = "<group>"; };
		9BC275941E2CAF3200A3183E /* SSImageButton.swift */ = {isa = PBXFileReference; fileEncoding = 4; lastKnownFileType = sourcecode.swift; path = SSImageButton.swift; sourceTree = "<group>"; };
		9BC275951E2CAF3200A3183E /* SSPageViewController.swift */ = {isa = PBXFileReference; fileEncoding = 4; lastKnownFileType = sourcecode.swift; path = SSPageViewController.swift; sourceTree = "<group>"; };
		9BC275971E2CAF3200A3183E /* Array+Extensions.swift */ = {isa = PBXFileReference; fileEncoding = 4; lastKnownFileType = sourcecode.swift; path = "Array+Extensions.swift"; sourceTree = "<group>"; };
		9BC275981E2CAF3200A3183E /* Date+Extensions.swift */ = {isa = PBXFileReference; fileEncoding = 4; lastKnownFileType = sourcecode.swift; path = "Date+Extensions.swift"; sourceTree = "<group>"; };
		9BC275991E2CAF3200A3183E /* String+Extensions.swift */ = {isa = PBXFileReference; fileEncoding = 4; lastKnownFileType = sourcecode.swift; path = "String+Extensions.swift"; sourceTree = "<group>"; };
		9BC2759C1E2CAF3200A3183E /* LocaleName.swift */ = {isa = PBXFileReference; fileEncoding = 4; lastKnownFileType = sourcecode.swift; path = LocaleName.swift; sourceTree = "<group>"; };
		9BC2759E1E2CAF3200A3183E /* ViewModel.swift */ = {isa = PBXFileReference; fileEncoding = 4; lastKnownFileType = sourcecode.swift; path = ViewModel.swift; sourceTree = "<group>"; };
		9BC275A01E2CAF3200A3183E /* GCD.swift */ = {isa = PBXFileReference; fileEncoding = 4; lastKnownFileType = sourcecode.swift; path = GCD.swift; sourceTree = "<group>"; };
		9BC275A11E2CAF3200A3183E /* Maybe.swift */ = {isa = PBXFileReference; fileEncoding = 4; lastKnownFileType = sourcecode.swift; path = Maybe.swift; sourceTree = "<group>"; };
		9BC275A21E2CAF3200A3183E /* SSError.swift */ = {isa = PBXFileReference; fileEncoding = 4; lastKnownFileType = sourcecode.swift; path = SSError.swift; sourceTree = "<group>"; };
		9BC275A31E2CAF3200A3183E /* SSI18n.swift */ = {isa = PBXFileReference; fileEncoding = 4; lastKnownFileType = sourcecode.swift; path = SSI18n.swift; sourceTree = "<group>"; };
		9BC275A41E2CAF3200A3183E /* TickTock.swift */ = {isa = PBXFileReference; fileEncoding = 4; lastKnownFileType = sourcecode.swift; path = TickTock.swift; sourceTree = "<group>"; };
		A5095740E097381A7BEB7430 /* Pods-Common.release.xcconfig */ = {isa = PBXFileReference; includeInIndex = 1; lastKnownFileType = text.xcconfig; name = "Pods-Common.release.xcconfig"; path = "../Pods/Target Support Files/Pods-Common/Pods-Common.release.xcconfig"; sourceTree = "<group>"; };
		B71126931EFBBB0100C4A02B /* UIView+Extensions.swift */ = {isa = PBXFileReference; fileEncoding = 4; lastKnownFileType = sourcecode.swift; path = "UIView+Extensions.swift"; sourceTree = "<group>"; };
		B723B2041EF271B80001B397 /* SSRefreshAnimationView.swift */ = {isa = PBXFileReference; fileEncoding = 4; lastKnownFileType = sourcecode.swift; path = SSRefreshAnimationView.swift; sourceTree = "<group>"; };
		B79827371EC0235000131911 /* NSString+Extensions.swift */ = {isa = PBXFileReference; fileEncoding = 4; lastKnownFileType = sourcecode.swift; path = "NSString+Extensions.swift"; sourceTree = "<group>"; };
		B7B6C9D51EEF842F0026FAFE /* HMSegmentedControl.h */ = {isa = PBXFileReference; fileEncoding = 4; lastKnownFileType = sourcecode.c.h; path = HMSegmentedControl.h; sourceTree = "<group>"; };
		B7B6C9D61EEF842F0026FAFE /* HMSegmentedControl.m */ = {isa = PBXFileReference; fileEncoding = 4; lastKnownFileType = sourcecode.c.objc; path = HMSegmentedControl.m; sourceTree = "<group>"; };
		C70F20AE1714D9F6E18E21D1 /* Pods_Common.framework */ = {isa = PBXFileReference; explicitFileType = wrapper.framework; includeInIndex = 0; path = Pods_Common.framework; sourceTree = BUILT_PRODUCTS_DIR; };
		ED0C6F661EC195C800615D22 /* UIView+Swifty.swift */ = {isa = PBXFileReference; fileEncoding = 4; lastKnownFileType = sourcecode.swift; name = "UIView+Swifty.swift"; path = "Swifty/UIView+Swifty.swift"; sourceTree = "<group>"; };
		ED0D6D441F3B0E8F00F8358C /* Dictionary+Extensions.swift */ = {isa = PBXFileReference; lastKnownFileType = sourcecode.swift; path = "Dictionary+Extensions.swift"; sourceTree = "<group>"; };
		ED37098F1EAEDE25008744B7 /* UITableView+Swifty.swift */ = {isa = PBXFileReference; fileEncoding = 4; lastKnownFileType = sourcecode.swift; name = "UITableView+Swifty.swift"; path = "Swifty/UITableView+Swifty.swift"; sourceTree = "<group>"; };
		ED3709901EAEDE25008744B7 /* UICollectionView+Swifty.swift */ = {isa = PBXFileReference; fileEncoding = 4; lastKnownFileType = sourcecode.swift; name = "UICollectionView+Swifty.swift"; path = "Swifty/UICollectionView+Swifty.swift"; sourceTree = "<group>"; };
		ED3709911EAEDE25008744B7 /* SSSwifty.swift */ = {isa = PBXFileReference; fileEncoding = 4; lastKnownFileType = sourcecode.swift; name = SSSwifty.swift; path = Swifty/SSSwifty.swift; sourceTree = "<group>"; };
		ED3709931EAEDE25008744B7 /* UIImage+Swifty.swift */ = {isa = PBXFileReference; fileEncoding = 4; lastKnownFileType = sourcecode.swift; lineEnding = 0; name = "UIImage+Swifty.swift"; path = "Swifty/UIImage+Swifty.swift"; sourceTree = "<group>"; xcLanguageSpecificationIdentifier = xcode.lang.swift; };
		ED3709941EAEDE25008744B7 /* UIViewController+Swifty.swift */ = {isa = PBXFileReference; fileEncoding = 4; lastKnownFileType = sourcecode.swift; name = "UIViewController+Swifty.swift"; path = "Swifty/UIViewController+Swifty.swift"; sourceTree = "<group>"; };
		ED3709951EAEDE25008744B7 /* NSObject+Swifty.swift */ = {isa = PBXFileReference; fileEncoding = 4; lastKnownFileType = sourcecode.swift; name = "NSObject+Swifty.swift"; path = "Swifty/NSObject+Swifty.swift"; sourceTree = "<group>"; };
		ED3CC0591F174C3000D65452 /* SSTextView.swift */ = {isa = PBXFileReference; fileEncoding = 4; lastKnownFileType = sourcecode.swift; path = SSTextView.swift; sourceTree = "<group>"; };
		ED3CC05A1F174C3000D65452 /* SSTextField.swift */ = {isa = PBXFileReference; fileEncoding = 4; lastKnownFileType = sourcecode.swift; path = SSTextField.swift; sourceTree = "<group>"; };
		EDB9F8341F1DA3FF009C5C91 /* SSLogger.swift */ = {isa = PBXFileReference; lastKnownFileType = sourcecode.swift; path = SSLogger.swift; sourceTree = "<group>"; };
		EDDD09A21EC2E9A3008FF29D /* UIUtils.swift */ = {isa = PBXFileReference; fileEncoding = 4; lastKnownFileType = sourcecode.swift; path = UIUtils.swift; sourceTree = "<group>"; };
		EDDDDBA01EF7B39A00E84F8B /* SSTracker.swift */ = {isa = PBXFileReference; lastKnownFileType = sourcecode.swift; path = SSTracker.swift; sourceTree = "<group>"; };
		EDE783781EDC29B3000D23DD /* SSNavigationBar.swift */ = {isa = PBXFileReference; fileEncoding = 4; lastKnownFileType = sourcecode.swift; path = SSNavigationBar.swift; sourceTree = "<group>"; };
		F35DB83E0FA56F21475FA813 /* Pods-Common.debug.xcconfig */ = {isa = PBXFileReference; includeInIndex = 1; lastKnownFileType = text.xcconfig; name = "Pods-Common.debug.xcconfig"; path = "../Pods/Target Support Files/Pods-Common/Pods-Common.debug.xcconfig"; sourceTree = "<group>"; };
/* End PBXFileReference section */

/* Begin PBXFrameworksBuildPhase section */
		9BC275771E2CAF0F00A3183E /* Frameworks */ = {
			isa = PBXFrameworksBuildPhase;
			buildActionMask = 2147483647;
			files = (
				624E94B81E5F0EA200DA5A8F /* Alamofire.framework in Frameworks */,
				3CBEA0C9BCA542F5C4412C92 /* Pods_Common.framework in Frameworks */,
			);
			runOnlyForDeploymentPostprocessing = 0;
		};
/* End PBXFrameworksBuildPhase section */

/* Begin PBXGroup section */
		22A9AAD51F0B737B0070AE6D /* XXPopupView */ = {
			isa = PBXGroup;
			children = (
				22A9AAD61F0B737B0070AE6D /* XXActionItem.swift */,
				22A9AAD71F0B737B0070AE6D /* XXAlertView.swift */,
				22A9AAD81F0B737B0070AE6D /* XXBubbleView.swift */,
				22A9AAD91F0B737B0070AE6D /* XXDropTableView.swift */,
				22A9AADA1F0B737B0070AE6D /* XXPickerView.swift */,
				22A9AADB1F0B737B0070AE6D /* XXPopupExtension.swift */,
				22A9AADC1F0B737B0070AE6D /* XXPopupView.swift */,
				22A9AADF1F0B737B0070AE6D /* XXSelectCurrencyView.swift */,
				22A9AAE11F0B737B0070AE6D /* XXSheetAddAlertView.swift */,
				22A9AAE21F0B737B0070AE6D /* XXSheetTableView.swift */,
				22A9AAE31F0B737B0070AE6D /* XXSheetView.swift */,
				22A9AAE41F0B737B0070AE6D /* XXTipsView.swift */,
				22A9AAE51F0B737B0070AE6D /* XXWindow.swift */,
			);
			path = XXPopupView;
			sourceTree = "<group>";
		};
		4CE495F56E4F167B64C34488 /* Frameworks */ = {
			isa = PBXGroup;
			children = (
				9453D54F1F0A14210082CF44 /* libPhoneNumber_iOS.framework */,
				9453D5431F0761590082CF44 /* CryptoSwift.framework */,
				9B7753DD1EA75C4600B3BD97 /* Deferred.framework */,
				624E94B71E5F0EA200DA5A8F /* Alamofire.framework */,
				9B299E1E1E52EFFB00D48D17 /* Networking.framework */,
				9B6E64B81E30A08900BFAD06 /* Networking.framework */,
				C70F20AE1714D9F6E18E21D1 /* Pods_Common.framework */,
			);
			name = Frameworks;
			sourceTree = "<group>";
		};
		622945921E480DA0001BDC48 /* CommonCrypto */ = {
			isa = PBXGroup;
			children = (
				622945941E481400001BDC48 /* NSData+MD5.h */,
				622945951E481400001BDC48 /* NSData+MD5.m */,
			);
			path = CommonCrypto;
			sourceTree = "<group>";
		};
		62619D781E667C2F00078E50 /* StringUtils */ = {
			isa = PBXGroup;
			children = (
				62619D7D1E667D4B00078E50 /* StringUtils.swift */,
			);
			name = StringUtils;
			sourceTree = "<group>";
		};
		62E224411E2DF87A00C00FA7 /* Constant */ = {
			isa = PBXGroup;
			children = (
				62E224421E2DF87A00C00FA7 /* SSTickerStatus.swift */,
				624E94991E55566B00DA5A8F /* SSTickerType.swift */,
				62619DB31E6AD2D500078E50 /* SSConstant.swift */,
			);
			path = Constant;
			sourceTree = "<group>";
		};
		9B4CF4441E5C3B9F00875D07 /* Configuration */ = {
			isa = PBXGroup;
			children = (
				3E37A21A1F3EB203002A88DB /* StocksConfig.swift */,
				9B4CF4451E5C3B9F00875D07 /* ConfigurationBase.swift */,
				9B4CF44B1E5C3B9F00875D07 /* SSLanguage.swift */,
				9B4CF44C1E5C3B9F00875D07 /* SSNotificationConfig.swift */,
				3E37A21C1F3EB24D002A88DB /* ConfigurationManager.swift */,
				3E37A21D1F3EB24D002A88DB /* SSAppearanceConfig.swift */,
				9B4CF44D1E5C3B9F00875D07 /* SSRefreshDuration.swift */,
				62CA40501E601E3500A6507D /* SSRefreshHeartbeatManager.swift */,
				62619DB11E6AD1A800078E50 /* SSResourceManager.swift */,
				9B4CF45B1E5C3BAB00875D07 /* Appearance */,
			);
			path = Configuration;
			sourceTree = "<group>";
		};
		9B4CF45B1E5C3BAB00875D07 /* Appearance */ = {
			isa = PBXGroup;
			children = (
				9B4CF4461E5C3B9F00875D07 /* SSAppearance.swift */,
				9B4CF4481E5C3B9F00875D07 /* SSColor.swift */,
				9B4CF4491E5C3B9F00875D07 /* SSFont.swift */,
				9B4CF44A1E5C3B9F00875D07 /* SSImage.swift */,
				9B4CF44E1E5C3B9F00875D07 /* SSTheme.swift */,
			);
			name = Appearance;
			sourceTree = "<group>";
		};
		9BC275711E2CAF0F00A3183E = {
			isa = PBXGroup;
			children = (
				EDDD09A51EC45B68008FF29D /* Depracated */,
				9B4CF4441E5C3B9F00875D07 /* Configuration */,
				62E224411E2DF87A00C00FA7 /* Constant */,
				9BC2758B1E2CAF3200A3183E /* Base */,
				9BC275931E2CAF3200A3183E /* Component */,
				9BC275961E2CAF3200A3183E /* Extensions */,
				9BC2759B1E2CAF3200A3183E /* Helper */,
				9BC2759D1E2CAF3200A3183E /* Protocols */,
				9BC2759F1E2CAF3200A3183E /* Utils */,
				9BC2757D1E2CAF0F00A3183E /* Common */,
				622945921E480DA0001BDC48 /* CommonCrypto */,
				9BC2757C1E2CAF0F00A3183E /* Products */,
				A727D4D0B8E961C16498231D /* Pods */,
				4CE495F56E4F167B64C34488 /* Frameworks */,
			);
			sourceTree = "<group>";
		};
		9BC2757C1E2CAF0F00A3183E /* Products */ = {
			isa = PBXGroup;
			children = (
				9BC2757B1E2CAF0F00A3183E /* Common.framework */,
			);
			name = Products;
			sourceTree = "<group>";
		};
		9BC2757D1E2CAF0F00A3183E /* Common */ = {
			isa = PBXGroup;
			children = (
				ED3CC05A1F174C3000D65452 /* SSTextField.swift */,
				ED3CC0591F174C3000D65452 /* SSTextView.swift */,
				9BC2757E1E2CAF0F00A3183E /* Common.h */,
				9BC2757F1E2CAF0F00A3183E /* Info.plist */,
				3E53E45B1F13994300D15DF2 /* StockCommon.swift */,
			);
			path = Common;
			sourceTree = "<group>";
		};
		9BC2758B1E2CAF3200A3183E /* Base */ = {
			isa = PBXGroup;
			children = (
				ED37098C1EAEDDE2008744B7 /* Swifty */,
				9BC2758C1E2CAF3200A3183E /* SSBaseHeaderFooterView.swift */,
				9BC2758E1E2CAF3200A3183E /* SSBaseTableView.swift */,
				9BC2758F1E2CAF3200A3183E /* SSBaseTableViewCell.swift */,
				94866AD41EB9645E00FF1E29 /* SSBaseCollectionViewCell.swift */,
				3EF82EA51F51CACB00C706B5 /* BaseObjectModel.swift */,
				9BC275901E2CAF3200A3183E /* SSBaseView.swift */,
				9BC275911E2CAF3200A3183E /* SSBaseViewController.swift */,
				3E53E4511F13181300D15DF2 /* USBaseWebViewController.swift */,
				62619D951E6955C200078E50 /* SSBaseTableViewController.swift */,
				947AA6921EC1576400DE6D06 /* SSBaseTabBarViewController.swift */,
				EDE783781EDC29B3000D23DD /* SSNavigationBar.swift */,
				EDDDDBA01EF7B39A00E84F8B /* SSTracker.swift */,
				EDB9F8341F1DA3FF009C5C91 /* SSLogger.swift */,
			);
			path = Base;
			sourceTree = "<group>";
		};
		9BC275931E2CAF3200A3183E /* Component */ = {
			isa = PBXGroup;
			children = (
				22A9AAD51F0B737B0070AE6D /* XXPopupView */,
				B723B2041EF271B80001B397 /* SSRefreshAnimationView.swift */,
				94B1C8BC1EEE9481000B7BD5 /* SSInfinitePageView.swift */,
				94B1C8BE1EEE961A000B7BD5 /* SSPageIndicatorController.swift */,
				947AA6941EC1932300DE6D06 /* RxMediaPicker.swift */,
				9BC275941E2CAF3200A3183E /* SSImageButton.swift */,
				9BC275951E2CAF3200A3183E /* SSPageViewController.swift */,
				9B6E64B21E309EBB00BFAD06 /* SSHUDManager.swift */,
				9B6E64CA1E35E3AF00BFAD06 /* SSNavigationController.swift */,
				9B4C6EB51E4851E400C3D9D2 /* SSReorderTableView.swift */,
				94F173BA1EB2CF740061468C /* SSPageController.swift */,
				947CE6561ED3CCD5003F6B3A /* SSLabel.swift */,
				94DD15051F0B990D00812E99 /* SSAlertOnceView.swift */,
				229A2BDD1F0C897D00EB1E47 /* SSRefreshFooter.swift */,
				229A2BDE1F0C897D00EB1E47 /* SSRefreshHeader.swift */,
				B7B6C9D51EEF842F0026FAFE /* HMSegmentedControl.h */,
				B7B6C9D61EEF842F0026FAFE /* HMSegmentedControl.m */,
				9B95F0E11F135D6E00B381DE /* SSCircularProgress.swift */,
			);
			path = Component;
			sourceTree = "<group>";
		};
		9BC275961E2CAF3200A3183E /* Extensions */ = {
			isa = PBXGroup;
			children = (
				94A6EBCC1EBC1786006B2E3B /* Data+JSON.swift */,
				9BC275971E2CAF3200A3183E /* Array+Extensions.swift */,
				9BC275981E2CAF3200A3183E /* Date+Extensions.swift */,
				9BC275991E2CAF3200A3183E /* String+Extensions.swift */,
				B79827371EC0235000131911 /* NSString+Extensions.swift */,
				3EF3D53C1F0CB6540089FCBA /* NSMutableAttributedString+Extension.swift */,
				62E2243F1E2DF81D00C00FA7 /* Double+Extensions.swift */,
				9B6E64A71E2E09AE00BFAD06 /* UIColor+Extensions.swift */,
				62912EAF1E48264A00AA989B /* JSON+Extensions.swift */,
				9B93B46D1E6CF65C00D3B7DC /* GCD+Extensions.swift */,
				947AA69A1EC2051400DE6D06 /* UIImage+Extensions.swift */,
				B71126931EFBBB0100C4A02B /* UIView+Extensions.swift */,
				9471161F1F063A7000B38A43 /* NSArray+Edit.swift */,
				ED0D6D441F3B0E8F00F8358C /* Dictionary+Extensions.swift */,
			);
			path = Extensions;
			sourceTree = "<group>";
		};
		9BC2759B1E2CAF3200A3183E /* Helper */ = {
			isa = PBXGroup;
			children = (
				3E9C94821F1CDB2300D1D6DD /* USEmailUtils.swift */,
				9453D54D1F09EC580082CF44 /* SSNotification.swift */,
				94866AC31EB8255B00FF1E29 /* FileManager.swift */,
				9BC2759C1E2CAF3200A3183E /* LocaleName.swift */,
				22A9AAF61F0B751F0070AE6D /* CommonDispatcher.swift */,
				3E53E4591F13992100D15DF2 /* UIImage+Common.swift */,
			);
			path = Helper;
			sourceTree = "<group>";
		};
		9BC2759D1E2CAF3200A3183E /* Protocols */ = {
			isa = PBXGroup;
			children = (
				9BC2759E1E2CAF3200A3183E /* ViewModel.swift */,
			);
			path = Protocols;
			sourceTree = "<group>";
		};
		9BC2759F1E2CAF3200A3183E /* Utils */ = {
			isa = PBXGroup;
			children = (
				3E53E4571F1397AA00D15DF2 /* Assets.xcassets */,
				9BC275A01E2CAF3200A3183E /* GCD.swift */,
				9BC275A11E2CAF3200A3183E /* Maybe.swift */,
				9BC275A41E2CAF3200A3183E /* TickTock.swift */,
				624C61FF1E481FC80079A54A /* Utils.swift */,
				3E65C00C1F1F2B7D0082AB67 /* SSUUIDUtils.swift */,
				9BC275A21E2CAF3200A3183E /* SSError.swift */,
				9BC275A31E2CAF3200A3183E /* SSI18n.swift */,
				62D824831E34CD970041323B /* SSDevice.swift */,
				943C81E21F05E55100703114 /* SwiftyUserDefaults.swift */,
				62619D781E667C2F00078E50 /* StringUtils */,
				EDDD09A21EC2E9A3008FF29D /* UIUtils.swift */,
			);
			path = Utils;
			sourceTree = "<group>";
		};
		A727D4D0B8E961C16498231D /* Pods */ = {
			isa = PBXGroup;
			children = (
				F35DB83E0FA56F21475FA813 /* Pods-Common.debug.xcconfig */,
				A5095740E097381A7BEB7430 /* Pods-Common.release.xcconfig */,
			);
			name = Pods;
			sourceTree = "<group>";
		};
		ED37098C1EAEDDE2008744B7 /* Swifty */ = {
			isa = PBXGroup;
			children = (
				ED3709951EAEDE25008744B7 /* NSObject+Swifty.swift */,
				ED3709911EAEDE25008744B7 /* SSSwifty.swift */,
				ED3709901EAEDE25008744B7 /* UICollectionView+Swifty.swift */,
				ED3709931EAEDE25008744B7 /* UIImage+Swifty.swift */,
				ED37098F1EAEDE25008744B7 /* UITableView+Swifty.swift */,
				ED0C6F661EC195C800615D22 /* UIView+Swifty.swift */,
				ED3709941EAEDE25008744B7 /* UIViewController+Swifty.swift */,
			);
			name = Swifty;
			sourceTree = "<group>";
		};
		EDDD09A51EC45B68008FF29D /* Depracated */ = {
			isa = PBXGroup;
			children = (
				9B4CF43C1E5C1EBE00875D07 /* SSButton.swift */,
				94866AD21EB963B500FF1E29 /* SSTabButtonView.swift */,
				9B1981E91E7A98CE00994F23 /* RecommendListTicker.swift */,
			);
			name = Depracated;
			sourceTree = "<group>";
		};
/* End PBXGroup section */

/* Begin PBXHeadersBuildPhase section */
		9BC275781E2CAF0F00A3183E /* Headers */ = {
			isa = PBXHeadersBuildPhase;
			buildActionMask = 2147483647;
			files = (
				9BC275801E2CAF0F00A3183E /* Common.h in Headers */,
				622945961E481400001BDC48 /* NSData+MD5.h in Headers */,
				9B57352F1F0A153100A52F98 /* HMSegmentedControl.h in Headers */,
			);
			runOnlyForDeploymentPostprocessing = 0;
		};
/* End PBXHeadersBuildPhase section */

/* Begin PBXNativeTarget section */
		9BC2757A1E2CAF0F00A3183E /* Common */ = {
			isa = PBXNativeTarget;
			buildConfigurationList = 9BC275831E2CAF0F00A3183E /* Build configuration list for PBXNativeTarget "Common" */;
			buildPhases = (
				3074155F571C71747EDF16A4 /* [CP] Check Pods Manifest.lock */,
				9BC275761E2CAF0F00A3183E /* Sources */,
				9BC275771E2CAF0F00A3183E /* Frameworks */,
				9BC275781E2CAF0F00A3183E /* Headers */,
				9BC275791E2CAF0F00A3183E /* Resources */,
				3AEAF50E5EA9BCAE95B8B832 /* [CP] Copy Pods Resources */,
			);
			buildRules = (
			);
			dependencies = (
			);
			name = Common;
			productName = Common;
			productReference = 9BC2757B1E2CAF0F00A3183E /* Common.framework */;
			productType = "com.apple.product-type.framework";
		};
/* End PBXNativeTarget section */

/* Begin PBXProject section */
		9BC275721E2CAF0F00A3183E /* Project object */ = {
			isa = PBXProject;
			attributes = {
				LastUpgradeCheck = 0810;
				ORGANIZATIONNAME = Stocks;
				TargetAttributes = {
					9BC2757A1E2CAF0F00A3183E = {
						CreatedOnToolsVersion = 8.1;
						LastSwiftMigration = 0810;
						ProvisioningStyle = Manual;
					};
				};
			};
			buildConfigurationList = 9BC275751E2CAF0F00A3183E /* Build configuration list for PBXProject "Common" */;
			compatibilityVersion = "Xcode 3.2";
			developmentRegion = English;
			hasScannedForEncodings = 0;
			knownRegions = (
				en,
			);
			mainGroup = 9BC275711E2CAF0F00A3183E;
			productRefGroup = 9BC2757C1E2CAF0F00A3183E /* Products */;
			projectDirPath = "";
			projectRoot = "";
			targets = (
				9BC2757A1E2CAF0F00A3183E /* Common */,
			);
		};
/* End PBXProject section */

/* Begin PBXResourcesBuildPhase section */
		9BC275791E2CAF0F00A3183E /* Resources */ = {
			isa = PBXResourcesBuildPhase;
			buildActionMask = 2147483647;
			files = (
				3E53E4581F1397AA00D15DF2 /* Assets.xcassets in Resources */,
			);
			runOnlyForDeploymentPostprocessing = 0;
		};
/* End PBXResourcesBuildPhase section */

/* Begin PBXShellScriptBuildPhase section */
		3074155F571C71747EDF16A4 /* [CP] Check Pods Manifest.lock */ = {
			isa = PBXShellScriptBuildPhase;
			buildActionMask = 2147483647;
			files = (
			);
			inputPaths = (
				"${PODS_PODFILE_DIR_PATH}/Podfile.lock",
				"${PODS_ROOT}/Manifest.lock",
			);
			name = "[CP] Check Pods Manifest.lock";
			outputPaths = (
				"$(DERIVED_FILE_DIR)/Pods-Common-checkManifestLockResult.txt",
			);
			runOnlyForDeploymentPostprocessing = 0;
			shellPath = /bin/sh;
			shellScript = "diff \"${PODS_PODFILE_DIR_PATH}/Podfile.lock\" \"${PODS_ROOT}/Manifest.lock\" > /dev/null\nif [ $? != 0 ] ; then\n    # print error to STDERR\n    echo \"error: The sandbox is not in sync with the Podfile.lock. Run 'pod install' or update your CocoaPods installation.\" >&2\n    exit 1\nfi\n";
			showEnvVarsInLog = 0;
		};
		3AEAF50E5EA9BCAE95B8B832 /* [CP] Copy Pods Resources */ = {
			isa = PBXShellScriptBuildPhase;
			buildActionMask = 2147483647;
			files = (
			);
			inputPaths = (
			);
			name = "[CP] Copy Pods Resources";
			outputPaths = (
			);
			runOnlyForDeploymentPostprocessing = 0;
			shellPath = /bin/sh;
			shellScript = "\"${SRCROOT}/../Pods/Target Support Files/Pods-Common/Pods-Common-resources.sh\"\n";
			showEnvVarsInLog = 0;
		};
/* End PBXShellScriptBuildPhase section */

/* Begin PBXSourcesBuildPhase section */
		9BC275761E2CAF0F00A3183E /* Sources */ = {
			isa = PBXSourcesBuildPhase;
			buildActionMask = 2147483647;
			files = (
				ED3CC05B1F174C3100D65452 /* SSTextView.swift in Sources */,
				947CE6571ED3CCD5003F6B3A /* SSLabel.swift in Sources */,
				9B4CF4561E5C3B9F00875D07 /* SSLanguage.swift in Sources */,
				9B4CF4551E5C3B9F00875D07 /* SSImage.swift in Sources */,
				9BC275AC1E2CAF3200A3183E /* SSBaseTableViewCell.swift in Sources */,
				3E53E45A1F13992100D15DF2 /* UIImage+Common.swift in Sources */,
				9BC275B01E2CAF3200A3183E /* SSImageButton.swift in Sources */,
				9BC275B61E2CAF3200A3183E /* LocaleName.swift in Sources */,
				ED37099B1EAEDE25008744B7 /* UIImage+Swifty.swift in Sources */,
				3E37A21E1F3EB24D002A88DB /* ConfigurationManager.swift in Sources */,
				9B4CF4581E5C3B9F00875D07 /* SSRefreshDuration.swift in Sources */,
				9B4CF4591E5C3B9F00875D07 /* SSTheme.swift in Sources */,
				9B57352E1F0A14F300A52F98 /* HMSegmentedControl.m in Sources */,
				9B6E64A81E2E09AE00BFAD06 /* UIColor+Extensions.swift in Sources */,
				22A9AAF21F0B737B0070AE6D /* XXSheetTableView.swift in Sources */,
				3E37A21B1F3EB203002A88DB /* StocksConfig.swift in Sources */,
				9BC275AE1E2CAF3200A3183E /* SSBaseViewController.swift in Sources */,
				B723B2051EF271B80001B397 /* SSRefreshAnimationView.swift in Sources */,
				B79827381EC0235000131911 /* NSString+Extensions.swift in Sources */,
				94DD15061F0B990D00812E99 /* SSAlertOnceView.swift in Sources */,
				ED37099C1EAEDE25008744B7 /* UIViewController+Swifty.swift in Sources */,
				EDDD09A31EC2E9A3008FF29D /* UIUtils.swift in Sources */,
				9B93B46E1E6CF65C00D3B7DC /* GCD+Extensions.swift in Sources */,
				62E224431E2DF87A00C00FA7 /* SSTickerStatus.swift in Sources */,
				22A9AAE71F0B737B0070AE6D /* XXAlertView.swift in Sources */,
				947AA69B1EC2051400DE6D06 /* UIImage+Extensions.swift in Sources */,
				9BC275B11E2CAF3200A3183E /* SSPageViewController.swift in Sources */,
				624E949A1E55566B00DA5A8F /* SSTickerType.swift in Sources */,
				94B1C8BF1EEE961A000B7BD5 /* SSPageIndicatorController.swift in Sources */,
				22A9AAF31F0B737B0070AE6D /* XXSheetView.swift in Sources */,
				3E53E4521F13181300D15DF2 /* USBaseWebViewController.swift in Sources */,
				9B95F0E21F135D6E00B381DE /* SSCircularProgress.swift in Sources */,
				229A2BE11F0C8BA700EB1E47 /* SSRefreshFooter.swift in Sources */,
				62D824841E34CD970041323B /* SSDevice.swift in Sources */,
				9BC275AB1E2CAF3200A3183E /* SSBaseTableView.swift in Sources */,
				9B4CF4531E5C3B9F00875D07 /* SSColor.swift in Sources */,
				9BC275B91E2CAF3200A3183E /* Maybe.swift in Sources */,
				9B6E64CB1E35E3B000BFAD06 /* SSNavigationController.swift in Sources */,
				3EF3D53D1F0CB6540089FCBA /* NSMutableAttributedString+Extension.swift in Sources */,
				ED3709971EAEDE25008744B7 /* UITableView+Swifty.swift in Sources */,
				3E37A21F1F3EB24D002A88DB /* SSAppearanceConfig.swift in Sources */,
				22A9AAE61F0B737B0070AE6D /* XXActionItem.swift in Sources */,
				9B4CF4571E5C3B9F00875D07 /* SSNotificationConfig.swift in Sources */,
				9BC275B81E2CAF3200A3183E /* GCD.swift in Sources */,
				3E9C94831F1CDB2300D1D6DD /* USEmailUtils.swift in Sources */,
				947116201F063A7000B38A43 /* NSArray+Edit.swift in Sources */,
				624C62001E481FC80079A54A /* Utils.swift in Sources */,
				ED3709981EAEDE25008744B7 /* UICollectionView+Swifty.swift in Sources */,
				EDE783791EDC29B3000D23DD /* SSNavigationBar.swift in Sources */,
				62619D7E1E667D4B00078E50 /* StringUtils.swift in Sources */,
				ED37099D1EAEDE25008744B7 /* NSObject+Swifty.swift in Sources */,
				9BC275B41E2CAF3200A3183E /* String+Extensions.swift in Sources */,
				62619DB21E6AD1A800078E50 /* SSResourceManager.swift in Sources */,
				94B1C8BD1EEE9481000B7BD5 /* SSInfinitePageView.swift in Sources */,
				3E65C00D1F1F2B7D0082AB67 /* SSUUIDUtils.swift in Sources */,
				22A9AAE91F0B737B0070AE6D /* XXDropTableView.swift in Sources */,
				ED0D6D451F3B0E8F00F8358C /* Dictionary+Extensions.swift in Sources */,
				9BC275BC1E2CAF3200A3183E /* TickTock.swift in Sources */,
				9BC275BB1E2CAF3200A3183E /* SSI18n.swift in Sources */,
				62619D961E6955C200078E50 /* SSBaseTableViewController.swift in Sources */,
				62912EB01E48264A00AA989B /* JSON+Extensions.swift in Sources */,
				9B4CF4501E5C3B9F00875D07 /* ConfigurationBase.swift in Sources */,
				ED0C6F671EC195C900615D22 /* UIView+Swifty.swift in Sources */,
				9BC275B71E2CAF3200A3183E /* ViewModel.swift in Sources */,
				B71126941EFBBB0100C4A02B /* UIView+Extensions.swift in Sources */,
				62619DB41E6AD2D500078E50 /* SSConstant.swift in Sources */,
				9B4CF4511E5C3B9F00875D07 /* SSAppearance.swift in Sources */,
				3E53E45C1F13994300D15DF2 /* StockCommon.swift in Sources */,
				9B4CF4541E5C3B9F00875D07 /* SSFont.swift in Sources */,
				9B6E64B31E309EBB00BFAD06 /* SSHUDManager.swift in Sources */,
				22A9AAF71F0B751F0070AE6D /* CommonDispatcher.swift in Sources */,
				9BC275A91E2CAF3200A3183E /* SSBaseHeaderFooterView.swift in Sources */,
				22A9AAEB1F0B737B0070AE6D /* XXPopupExtension.swift in Sources */,
				22A9AAF41F0B737B0070AE6D /* XXTipsView.swift in Sources */,
				94866AD51EB9645E00FF1E29 /* SSBaseCollectionViewCell.swift in Sources */,
				EDB9F8351F1DA3FF009C5C91 /* SSLogger.swift in Sources */,
				22A9AAEC1F0B737B0070AE6D /* XXPopupView.swift in Sources */,
				3EF82EA61F51CACB00C706B5 /* BaseObjectModel.swift in Sources */,
				22A9AAEA1F0B737B0070AE6D /* XXPickerView.swift in Sources */,
				9BC275B21E2CAF3200A3183E /* Array+Extensions.swift in Sources */,
				ED3CC05C1F174C3100D65452 /* SSTextField.swift in Sources */,
				22A9AAEF1F0B737B0070AE6D /* XXSelectCurrencyView.swift in Sources */,
				9B57352C1F0A14ED00A52F98 /* SSPageController.swift in Sources */,
				947AA6951EC1932300DE6D06 /* RxMediaPicker.swift in Sources */,
				9453D54E1F09EC580082CF44 /* SSNotification.swift in Sources */,
				22A9AAF11F0B737B0070AE6D /* XXSheetAddAlertView.swift in Sources */,
				EDDDDBA11EF7B39A00E84F8B /* SSTracker.swift in Sources */,
				943C81E31F05E55100703114 /* SwiftyUserDefaults.swift in Sources */,
				229A2BE21F0C8BA900EB1E47 /* SSRefreshHeader.swift in Sources */,
				94866AC41EB8255B00FF1E29 /* FileManager.swift in Sources */,
				9BC275B31E2CAF3200A3183E /* Date+Extensions.swift in Sources */,
				94A6EBCD1EBC1786006B2E3B /* Data+JSON.swift in Sources */,
				22A9AAE81F0B737B0070AE6D /* XXBubbleView.swift in Sources */,
				9BC275BA1E2CAF3200A3183E /* SSError.swift in Sources */,
				947AA6931EC1576400DE6D06 /* SSBaseTabBarViewController.swift in Sources */,
				622945971E481400001BDC48 /* NSData+MD5.m in Sources */,
				ED3709991EAEDE25008744B7 /* SSSwifty.swift in Sources */,
				22A9AAF51F0B737B0070AE6D /* XXWindow.swift in Sources */,
				62E224401E2DF81D00C00FA7 /* Double+Extensions.swift in Sources */,
				62CA40511E601E3500A6507D /* SSRefreshHeartbeatManager.swift in Sources */,
				9BC275AD1E2CAF3200A3183E /* SSBaseView.swift in Sources */,
				9B4C6EB61E4851E400C3D9D2 /* SSReorderTableView.swift in Sources */,
			);
			runOnlyForDeploymentPostprocessing = 0;
		};
/* End PBXSourcesBuildPhase section */

/* Begin XCBuildConfiguration section */
		9BC275811E2CAF0F00A3183E /* Debug */ = {
			isa = XCBuildConfiguration;
			buildSettings = {
				ALWAYS_SEARCH_USER_PATHS = NO;
				CLANG_ANALYZER_NONNULL = YES;
				CLANG_CXX_LANGUAGE_STANDARD = "gnu++0x";
				CLANG_CXX_LIBRARY = "libc++";
				CLANG_ENABLE_MODULES = YES;
				CLANG_ENABLE_OBJC_ARC = YES;
				CLANG_WARN_BOOL_CONVERSION = YES;
				CLANG_WARN_CONSTANT_CONVERSION = YES;
				CLANG_WARN_DIRECT_OBJC_ISA_USAGE = YES_ERROR;
				CLANG_WARN_DOCUMENTATION_COMMENTS = YES;
				CLANG_WARN_EMPTY_BODY = YES;
				CLANG_WARN_ENUM_CONVERSION = YES;
				CLANG_WARN_INFINITE_RECURSION = YES;
				CLANG_WARN_INT_CONVERSION = YES;
				CLANG_WARN_OBJC_ROOT_CLASS = YES_ERROR;
				CLANG_WARN_SUSPICIOUS_MOVES = YES;
				CLANG_WARN_UNREACHABLE_CODE = YES;
				CLANG_WARN__DUPLICATE_METHOD_MATCH = YES;
				"CODE_SIGN_IDENTITY[sdk=iphoneos*]" = "iPhone Developer";
				COPY_PHASE_STRIP = NO;
				CURRENT_PROJECT_VERSION = 1;
				DEBUG_INFORMATION_FORMAT = dwarf;
				ENABLE_STRICT_OBJC_MSGSEND = YES;
				ENABLE_TESTABILITY = YES;
				GCC_C_LANGUAGE_STANDARD = gnu99;
				GCC_DYNAMIC_NO_PIC = NO;
				GCC_NO_COMMON_BLOCKS = YES;
				GCC_OPTIMIZATION_LEVEL = 0;
				GCC_PREPROCESSOR_DEFINITIONS = (
					"DEBUG=1",
					"$(inherited)",
				);
				GCC_WARN_64_TO_32_BIT_CONVERSION = YES;
				GCC_WARN_ABOUT_RETURN_TYPE = YES_ERROR;
				GCC_WARN_UNDECLARED_SELECTOR = YES;
				GCC_WARN_UNINITIALIZED_AUTOS = YES_AGGRESSIVE;
				GCC_WARN_UNUSED_FUNCTION = YES;
				GCC_WARN_UNUSED_VARIABLE = YES;
				IPHONEOS_DEPLOYMENT_TARGET = 9.0;
				LD_RUNPATH_SEARCH_PATHS = "";
				MTL_ENABLE_DEBUG_INFO = YES;
				ONLY_ACTIVE_ARCH = YES;
				SDKROOT = iphoneos;
				SWIFT_ACTIVE_COMPILATION_CONDITIONS = DEBUG;
				SWIFT_OPTIMIZATION_LEVEL = "-Onone";
				TARGETED_DEVICE_FAMILY = "1,2";
				VERSIONING_SYSTEM = "apple-generic";
				VERSION_INFO_PREFIX = "";
			};
			name = Debug;
		};
		9BC275821E2CAF0F00A3183E /* Release */ = {
			isa = XCBuildConfiguration;
			buildSettings = {
				ALWAYS_SEARCH_USER_PATHS = NO;
				CLANG_ANALYZER_NONNULL = YES;
				CLANG_CXX_LANGUAGE_STANDARD = "gnu++0x";
				CLANG_CXX_LIBRARY = "libc++";
				CLANG_ENABLE_MODULES = YES;
				CLANG_ENABLE_OBJC_ARC = YES;
				CLANG_WARN_BOOL_CONVERSION = YES;
				CLANG_WARN_CONSTANT_CONVERSION = YES;
				CLANG_WARN_DIRECT_OBJC_ISA_USAGE = YES_ERROR;
				CLANG_WARN_DOCUMENTATION_COMMENTS = YES;
				CLANG_WARN_EMPTY_BODY = YES;
				CLANG_WARN_ENUM_CONVERSION = YES;
				CLANG_WARN_INFINITE_RECURSION = YES;
				CLANG_WARN_INT_CONVERSION = YES;
				CLANG_WARN_OBJC_ROOT_CLASS = YES_ERROR;
				CLANG_WARN_SUSPICIOUS_MOVES = YES;
				CLANG_WARN_UNREACHABLE_CODE = YES;
				CLANG_WARN__DUPLICATE_METHOD_MATCH = YES;
				"CODE_SIGN_IDENTITY[sdk=iphoneos*]" = "iPhone Developer";
				COPY_PHASE_STRIP = NO;
				CURRENT_PROJECT_VERSION = 1;
				DEBUG_INFORMATION_FORMAT = "dwarf-with-dsym";
				ENABLE_NS_ASSERTIONS = NO;
				ENABLE_STRICT_OBJC_MSGSEND = YES;
				GCC_C_LANGUAGE_STANDARD = gnu99;
				GCC_NO_COMMON_BLOCKS = YES;
				GCC_WARN_64_TO_32_BIT_CONVERSION = YES;
				GCC_WARN_ABOUT_RETURN_TYPE = YES_ERROR;
				GCC_WARN_UNDECLARED_SELECTOR = YES;
				GCC_WARN_UNINITIALIZED_AUTOS = YES_AGGRESSIVE;
				GCC_WARN_UNUSED_FUNCTION = YES;
				GCC_WARN_UNUSED_VARIABLE = YES;
				IPHONEOS_DEPLOYMENT_TARGET = 9.0;
				LD_RUNPATH_SEARCH_PATHS = "";
				MTL_ENABLE_DEBUG_INFO = NO;
				SDKROOT = iphoneos;
				SWIFT_OPTIMIZATION_LEVEL = "-Owholemodule";
				TARGETED_DEVICE_FAMILY = "1,2";
				VALIDATE_PRODUCT = YES;
				VERSIONING_SYSTEM = "apple-generic";
				VERSION_INFO_PREFIX = "";
			};
			name = Release;
		};
		9BC275841E2CAF0F00A3183E /* Debug */ = {
			isa = XCBuildConfiguration;
			baseConfigurationReference = F35DB83E0FA56F21475FA813 /* Pods-Common.debug.xcconfig */;
			buildSettings = {
				ASSETCATALOG_COMPILER_OPTIMIZATION = time;
				CLANG_ENABLE_MODULES = YES;
				CODE_SIGN_IDENTITY = "";
				DEFINES_MODULE = YES;
				DEVELOPMENT_TEAM = "";
				DYLIB_COMPATIBILITY_VERSION = 1;
				DYLIB_CURRENT_VERSION = 1;
				DYLIB_INSTALL_NAME_BASE = "@rpath";
				ENABLE_BITCODE = YES;
				GCC_OPTIMIZATION_LEVEL = 0;
				INFOPLIST_FILE = Common/Info.plist;
				INSTALL_PATH = "$(LOCAL_LIBRARY_DIR)/Frameworks";
				IPHONEOS_DEPLOYMENT_TARGET = 9.0;
				LD_RUNPATH_SEARCH_PATHS = "$(inherited) @executable_path/Frameworks @loader_path/Frameworks";
				PRODUCT_BUNDLE_IDENTIFIER = com.xin.Common;
				PRODUCT_NAME = "$(TARGET_NAME)";
				SDKROOT = iphoneos;
				SDKRROT = iphoneos10.3;
				SKIP_INSTALL = YES;
				SWIFT_INCLUDE_PATHS = "";
				SWIFT_OPTIMIZATION_LEVEL = "-Onone";
				SWIFT_VERSION = 3.2;
				VALID_ARCHS = "arm64 armv7";
			};
			name = Debug;
		};
		9BC275851E2CAF0F00A3183E /* Release */ = {
			isa = XCBuildConfiguration;
			baseConfigurationReference = A5095740E097381A7BEB7430 /* Pods-Common.release.xcconfig */;
			buildSettings = {
				ALWAYS_EMBED_SWIFT_STANDARD_LIBRARIES = "$(inherited)";
				ASSETCATALOG_COMPILER_OPTIMIZATION = space;
				CLANG_ENABLE_MODULES = YES;
				CLANG_WARN_DIRECT_OBJC_ISA_USAGE = YES;
				CLANG_WARN_DOCUMENTATION_COMMENTS = NO;
				CLANG_WARN_INFINITE_RECURSION = NO;
				CLANG_WARN_OBJC_ROOT_CLASS = YES;
				CLANG_WARN_SUSPICIOUS_MOVE = NO;
				CODE_SIGN_IDENTITY = "";
				COPY_PHASE_STRIP = YES;
				DEFINES_MODULE = YES;
				DEVELOPMENT_TEAM = "";
				DYLIB_COMPATIBILITY_VERSION = 1;
				DYLIB_CURRENT_VERSION = 1;
				DYLIB_INSTALL_NAME_BASE = "@rpath";
				ENABLE_BITCODE = YES;
				GCC_OPTIMIZATION_LEVEL = s;
				GCC_WARN_ABOUT_RETURN_TYPE = YES;
				GCC_WARN_UNINITIALIZED_AUTOS = YES;
				INFOPLIST_FILE = Common/Info.plist;
				INSTALL_PATH = "$(LOCAL_LIBRARY_DIR)/Frameworks";
				IPHONEOS_DEPLOYMENT_TARGET = 9.0;
				LD_RUNPATH_SEARCH_PATHS = "$(inherited) @executable_path/Frameworks @loader_path/Frameworks";
				LLVM_LTO = YES;
				PRODUCT_BUNDLE_IDENTIFIER = com.xin.Common;
				PRODUCT_NAME = "$(TARGET_NAME)";
				SDKROOT = iphoneos;
				SDKRROT = iphoneos10.3;
				SKIP_INSTALL = YES;
				SWIFT_INCLUDE_PATHS = "";
				SWIFT_OPTIMIZATION_LEVEL = "-Owholemodule";
				SWIFT_VERSION = 3.2;
				VALID_ARCHS = "arm64 armv7";
			};
			name = Release;
		};
/* End XCBuildConfiguration section */

/* Begin XCConfigurationList section */
		9BC275751E2CAF0F00A3183E /* Build configuration list for PBXProject "Common" */ = {
			isa = XCConfigurationList;
			buildConfigurations = (
				9BC275811E2CAF0F00A3183E /* Debug */,
				9BC275821E2CAF0F00A3183E /* Release */,
			);
			defaultConfigurationIsVisible = 0;
			defaultConfigurationName = Release;
		};
		9BC275831E2CAF0F00A3183E /* Build configuration list for PBXNativeTarget "Common" */ = {
			isa = XCConfigurationList;
			buildConfigurations = (
				9BC275841E2CAF0F00A3183E /* Debug */,
				9BC275851E2CAF0F00A3183E /* Release */,
			);
			defaultConfigurationIsVisible = 0;
			defaultConfigurationName = Release;
		};
/* End XCConfigurationList section */
	};
	rootObject = 9BC275721E2CAF0F00A3183E /* Project object */;
}
